
Microsoft Visual Studio Solution File, Format Version 12.00
# Visual Studio Version 16
VisualStudioVersion = 16.0.29102.190
MinimumVisualStudioVersion = 10.0.40219.1
Project("{2150E333-8FDC-42A3-9474-1A3956D46DE8}") = "01_TesteDeUnidade", "01_TesteDeUnidade", "{45997FB3-A014-4532-AAB1-9F8AC254B24C}"
EndProject
Project("{2150E333-8FDC-42A3-9474-1A3956D46DE8}") = "01_TesteBasico", "01_TesteBasico", "{CF1F90EE-59B0-47CB-ADF6-E7AFC45FCCFB}"
EndProject
Project("{2150E333-8FDC-42A3-9474-1A3956D46DE8}") = "1_TesteBasico", "1_TesteBasico", "{8B4D27B3-E658-42B4-AE56-98158D9AC204}"
EndProject
Project("{2150E333-8FDC-42A3-9474-1A3956D46DE8}") = "Demo.Tests", "Demo.Tests", "{DE4C34A0-5332-4E22-A7EE-774C0B7990C4}"
EndProject
Project("{2150E333-8FDC-42A3-9474-1A3956D46DE8}") = "Demo", "Demo", "{49F23C12-3D79-4432-8FCF-B63884678A82}"
EndProject
Project("{9A19103F-16F7-4668-BE54-9A1E7A4F7556}") = "Demo", "TesteDeUnidade\1_TesteBasico\Demo\Demo.csproj", "{6F54BDBA-5FA1-4E06-B04D-69AAA047318C}"
EndProject
Project("{9A19103F-16F7-4668-BE54-9A1E7A4F7556}") = "Demo.Tests", "TesteDeUnidade\1_TesteBasico\Demo.Tests\Demo.Tests.csproj", "{14A281C8-08D0-4C49-88A6-30C0701DD673}"
EndProject
Project("{2150E333-8FDC-42A3-9474-1A3956D46DE8}") = "2_Features", "2_Features", "{0B84B7A1-90C9-456D-BF39-8708BAD15E41}"
EndProject
Project("{2150E333-8FDC-42A3-9474-1A3956D46DE8}") = "Feature", "Feature", "{CB173551-570A-4AEA-A752-AEC171E033D1}"
EndProject
Project("{2150E333-8FDC-42A3-9474-1A3956D46DE8}") = "Feature.Tests", "Feature.Tests", "{545E25DC-4311-4CEF-9599-8E948FD35B16}"
EndProject
Project("{9A19103F-16F7-4668-BE54-9A1E7A4F7556}") = "Features", "TesteDeUnidade\2_Features\Features\Features.csproj", "{595626FF-6C7B-4407-8CB7-7A4DE1F36F2C}"
EndProject
Project("{9A19103F-16F7-4668-BE54-9A1E7A4F7556}") = "Features.Tests", "TesteDeUnidade\2_Features\Features.Tests\Features.Tests.csproj", "{5C30ACA6-D694-470A-B647-8AD3F81AD3C1}"
EndProject
Project("{2150E333-8FDC-42A3-9474-1A3956D46DE8}") = "02_TDD", "02_TDD", "{F14A2A51-3EAC-4B7A-AE45-A03A3B53C505}"
EndProject
Project("{2150E333-8FDC-42A3-9474-1A3956D46DE8}") = "Tests", "Tests", "{4DFDD56B-95A4-45E0-87ED-46F2F01F49E1}"
EndProject
Project("{9A19103F-16F7-4668-BE54-9A1E7A4F7556}") = "NerdStore.Vendas.Application.Tests", "02_TDD\tests\NerdStore.Vendas.Application.Tests\NerdStore.Vendas.Application.Tests.csproj", "{4781AFAA-880D-4192-9F93-823386F6AC57}"
EndProject
Project("{9A19103F-16F7-4668-BE54-9A1E7A4F7556}") = "NerdStore.Vendas.Domain.Tests", "02_TDD\tests\NerdStore.Vendas.Domain.Tests\NerdStore.Vendas.Domain.Tests.csproj", "{1EF25B60-5734-4120-AC1E-AED501F7FD7D}"
EndProject
Project("{9A19103F-16F7-4668-BE54-9A1E7A4F7556}") = "NerdStore.Vendas.Domain", "02_TDD\src\NerdStore.Vendas.Domain\NerdStore.Vendas.Domain.csproj", "{10AB2444-3AE2-4C3C-ACC6-F62F00B644E4}"
EndProject
Project("{FAE04EC0-301F-11D3-BF4B-00C04F79EFBC}") = "NerdStore.Vendas.Application", "NerdStore.Vendas.Application\NerdStore.Vendas.Application.csproj", "{1D16A855-F683-4BE7-ACB8-6473CFCA2867}"
EndProject
Global
	GlobalSection(SolutionConfigurationPlatforms) = preSolution
		Debug|Any CPU = Debug|Any CPU
		Release|Any CPU = Release|Any CPU
	EndGlobalSection
	GlobalSection(ProjectConfigurationPlatforms) = postSolution
		{6F54BDBA-5FA1-4E06-B04D-69AAA047318C}.Debug|Any CPU.ActiveCfg = Debug|Any CPU
		{6F54BDBA-5FA1-4E06-B04D-69AAA047318C}.Debug|Any CPU.Build.0 = Debug|Any CPU
		{6F54BDBA-5FA1-4E06-B04D-69AAA047318C}.Release|Any CPU.ActiveCfg = Release|Any CPU
		{6F54BDBA-5FA1-4E06-B04D-69AAA047318C}.Release|Any CPU.Build.0 = Release|Any CPU
		{14A281C8-08D0-4C49-88A6-30C0701DD673}.Debug|Any CPU.ActiveCfg = Debug|Any CPU
		{14A281C8-08D0-4C49-88A6-30C0701DD673}.Debug|Any CPU.Build.0 = Debug|Any CPU
		{14A281C8-08D0-4C49-88A6-30C0701DD673}.Release|Any CPU.ActiveCfg = Release|Any CPU
		{14A281C8-08D0-4C49-88A6-30C0701DD673}.Release|Any CPU.Build.0 = Release|Any CPU
		{595626FF-6C7B-4407-8CB7-7A4DE1F36F2C}.Debug|Any CPU.ActiveCfg = Debug|Any CPU
		{595626FF-6C7B-4407-8CB7-7A4DE1F36F2C}.Debug|Any CPU.Build.0 = Debug|Any CPU
		{595626FF-6C7B-4407-8CB7-7A4DE1F36F2C}.Release|Any CPU.ActiveCfg = Release|Any CPU
		{595626FF-6C7B-4407-8CB7-7A4DE1F36F2C}.Release|Any CPU.Build.0 = Release|Any CPU
		{5C30ACA6-D694-470A-B647-8AD3F81AD3C1}.Debug|Any CPU.ActiveCfg = Debug|Any CPU
		{5C30ACA6-D694-470A-B647-8AD3F81AD3C1}.Debug|Any CPU.Build.0 = Debug|Any CPU
		{5C30ACA6-D694-470A-B647-8AD3F81AD3C1}.Release|Any CPU.ActiveCfg = Release|Any CPU
		{5C30ACA6-D694-470A-B647-8AD3F81AD3C1}.Release|Any CPU.Build.0 = Release|Any CPU
		{4781AFAA-880D-4192-9F93-823386F6AC57}.Debug|Any CPU.ActiveCfg = Debug|Any CPU
		{4781AFAA-880D-4192-9F93-823386F6AC57}.Debug|Any CPU.Build.0 = Debug|Any CPU
		{4781AFAA-880D-4192-9F93-823386F6AC57}.Release|Any CPU.ActiveCfg = Release|Any CPU
		{4781AFAA-880D-4192-9F93-823386F6AC57}.Release|Any CPU.Build.0 = Release|Any CPU
		{1EF25B60-5734-4120-AC1E-AED501F7FD7D}.Debug|Any CPU.ActiveCfg = Debug|Any CPU
		{1EF25B60-5734-4120-AC1E-AED501F7FD7D}.Debug|Any CPU.Build.0 = Debug|Any CPU
		{1EF25B60-5734-4120-AC1E-AED501F7FD7D}.Release|Any CPU.ActiveCfg = Release|Any CPU
		{1EF25B60-5734-4120-AC1E-AED501F7FD7D}.Release|Any CPU.Build.0 = Release|Any CPU
		{10AB2444-3AE2-4C3C-ACC6-F62F00B644E4}.Debug|Any CPU.ActiveCfg = Debug|Any CPU
		{10AB2444-3AE2-4C3C-ACC6-F62F00B644E4}.Debug|Any CPU.Build.0 = Debug|Any CPU
		{10AB2444-3AE2-4C3C-ACC6-F62F00B644E4}.Release|Any CPU.ActiveCfg = Release|Any CPU
		{10AB2444-3AE2-4C3C-ACC6-F62F00B644E4}.Release|Any CPU.Build.0 = Release|Any CPU
		{1D16A855-F683-4BE7-ACB8-6473CFCA2867}.Debug|Any CPU.ActiveCfg = Debug|Any CPU
		{1D16A855-F683-4BE7-ACB8-6473CFCA2867}.Debug|Any CPU.Build.0 = Debug|Any CPU
		{1D16A855-F683-4BE7-ACB8-6473CFCA2867}.Release|Any CPU.ActiveCfg = Release|Any CPU
		{1D16A855-F683-4BE7-ACB8-6473CFCA2867}.Release|Any CPU.Build.0 = Release|Any CPU
	EndGlobalSection
	GlobalSection(SolutionProperties) = preSolution
		HideSolutionNode = FALSE
	EndGlobalSection
	GlobalSection(NestedProjects) = preSolution
		{CF1F90EE-59B0-47CB-ADF6-E7AFC45FCCFB} = {45997FB3-A014-4532-AAB1-9F8AC254B24C}
		{8B4D27B3-E658-42B4-AE56-98158D9AC204} = {CF1F90EE-59B0-47CB-ADF6-E7AFC45FCCFB}
		{DE4C34A0-5332-4E22-A7EE-774C0B7990C4} = {8B4D27B3-E658-42B4-AE56-98158D9AC204}
		{49F23C12-3D79-4432-8FCF-B63884678A82} = {8B4D27B3-E658-42B4-AE56-98158D9AC204}
		{6F54BDBA-5FA1-4E06-B04D-69AAA047318C} = {49F23C12-3D79-4432-8FCF-B63884678A82}
		{14A281C8-08D0-4C49-88A6-30C0701DD673} = {DE4C34A0-5332-4E22-A7EE-774C0B7990C4}
		{0B84B7A1-90C9-456D-BF39-8708BAD15E41} = {CF1F90EE-59B0-47CB-ADF6-E7AFC45FCCFB}
		{CB173551-570A-4AEA-A752-AEC171E033D1} = {0B84B7A1-90C9-456D-BF39-8708BAD15E41}
		{545E25DC-4311-4CEF-9599-8E948FD35B16} = {0B84B7A1-90C9-456D-BF39-8708BAD15E41}
		{595626FF-6C7B-4407-8CB7-7A4DE1F36F2C} = {CB173551-570A-4AEA-A752-AEC171E033D1}
		{5C30ACA6-D694-470A-B647-8AD3F81AD3C1} = {545E25DC-4311-4CEF-9599-8E948FD35B16}
		{4DFDD56B-95A4-45E0-87ED-46F2F01F49E1} = {F14A2A51-3EAC-4B7A-AE45-A03A3B53C505}
		{4781AFAA-880D-4192-9F93-823386F6AC57} = {4DFDD56B-95A4-45E0-87ED-46F2F01F49E1}
		{1EF25B60-5734-4120-AC1E-AED501F7FD7D} = {4DFDD56B-95A4-45E0-87ED-46F2F01F49E1}
		{10AB2444-3AE2-4C3C-ACC6-F62F00B644E4} = {F14A2A51-3EAC-4B7A-AE45-A03A3B53C505}
		{1D16A855-F683-4BE7-ACB8-6473CFCA2867} = {F14A2A51-3EAC-4B7A-AE45-A03A3B53C505}
	EndGlobalSection
	GlobalSection(ExtensibilityGlobals) = postSolution
		SolutionGuid = {5D12AA11-B275-4364-9546-9724B7194CAF}
	EndGlobalSection
EndGlobal
